
Microsoft Visual Studio Solution File, Format Version 12.00
# Visual Studio Version 17
VisualStudioVersion = 17.7.34221.43
MinimumVisualStudioVersion = 10.0.40219.1
Project("{FAE04EC0-301F-11D3-BF4B-00C04F79EFBC}") = "WSR2024", "WSR2024\WSR2024.csproj", "{CB8620A9-910A-4AA9-BE10-9370E068351C}"
EndProject
Global
	GlobalSection(SolutionConfigurationPlatforms) = preSolution
		Debug|Any CPU = Debug|Any CPU
		Release|Any CPU = Release|Any CPU
	EndGlobalSection
	GlobalSection(ProjectConfigurationPlatforms) = postSolution
		{CB8620A9-910A-4AA9-BE10-9370E068351C}.Debug|Any CPU.ActiveCfg = Debug|Any CPU
		{CB8620A9-910A-4AA9-BE10-9370E068351C}.Debug|Any CPU.Build.0 = Debug|Any CPU
		{CB8620A9-910A-4AA9-BE10-9370E068351C}.Release|Any CPU.ActiveCfg = Release|Any CPU
		{CB8620A9-910A-4AA9-BE10-9370E068351C}.Release|Any CPU.Build.0 = Release|Any CPU
	EndGlobalSection
	GlobalSection(SolutionProperties) = preSolution
		HideSolutionNode = FALSE
	EndGlobalSection
	GlobalSection(ExtensibilityGlobals) = postSolution
		SolutionGuid = {42218FC3-718A-478E-9B30-39AE331F86F5}
	EndGlobalSection
EndGlobal
